
Microsoft Visual Studio Solution File, Format Version 12.00
# Visual Studio Version 16
VisualStudioVersion = 16.0.30517.126
MinimumVisualStudioVersion = 10.0.40219.1
Project("{FAE04EC0-301F-11D3-BF4B-00C04F79EFBC}") = "PickColorServer", "PickColorServer\PickColorServer.csproj", "{C6949D3E-F19E-4597-A0C0-8824B4379085}"
EndProject
Global
	GlobalSection(SolutionConfigurationPlatforms) = preSolution
		Debug|Any CPU = Debug|Any CPU
		Release|Any CPU = Release|Any CPU
	EndGlobalSection
	GlobalSection(ProjectConfigurationPlatforms) = postSolution
		{C6949D3E-F19E-4597-A0C0-8824B4379085}.Debug|Any CPU.ActiveCfg = Debug|Any CPU
		{C6949D3E-F19E-4597-A0C0-8824B4379085}.Debug|Any CPU.Build.0 = Debug|Any CPU
		{C6949D3E-F19E-4597-A0C0-8824B4379085}.Release|Any CPU.ActiveCfg = Release|Any CPU
		{C6949D3E-F19E-4597-A0C0-8824B4379085}.Release|Any CPU.Build.0 = Release|Any CPU
	EndGlobalSection
	GlobalSection(SolutionProperties) = preSolution
		HideSolutionNode = FALSE
	EndGlobalSection
	GlobalSection(ExtensibilityGlobals) = postSolution
		SolutionGuid = {A705417A-DB94-4531-8159-31053DC5890F}
	EndGlobalSection
EndGlobal
